
Microsoft Visual Studio Solution File, Format Version 12.00
# Visual Studio Version 16
VisualStudioVersion = 16.0.32228.343
MinimumVisualStudioVersion = 10.0.40219.1
Project("{FAE04EC0-301F-11D3-BF4B-00C04F79EFBC}") = "array-oop", "array-oop.csproj", "{D472F1AD-54A0-4796-AC1D-104AC8D3FB9A}"
EndProject
Global
	GlobalSection(SolutionConfigurationPlatforms) = preSolution
		Debug|Any CPU = Debug|Any CPU
		Release|Any CPU = Release|Any CPU
	EndGlobalSection
	GlobalSection(ProjectConfigurationPlatforms) = postSolution
		{D472F1AD-54A0-4796-AC1D-104AC8D3FB9A}.Debug|Any CPU.ActiveCfg = Debug|Any CPU
		{D472F1AD-54A0-4796-AC1D-104AC8D3FB9A}.Debug|Any CPU.Build.0 = Debug|Any CPU
		{D472F1AD-54A0-4796-AC1D-104AC8D3FB9A}.Release|Any CPU.ActiveCfg = Release|Any CPU
		{D472F1AD-54A0-4796-AC1D-104AC8D3FB9A}.Release|Any CPU.Build.0 = Release|Any CPU
	EndGlobalSection
	GlobalSection(SolutionProperties) = preSolution
		HideSolutionNode = FALSE
	EndGlobalSection
	GlobalSection(ExtensibilityGlobals) = postSolution
		SolutionGuid = {0CFF483F-6498-4C85-8F55-981C7C2F628D}
	EndGlobalSection
EndGlobal
